Microsoft Visual Studio Solution File, Format Version 12.00
# Visual Studio Version 17
VisualStudioVersion = 17.0.31717.71
MinimumVisualStudioVersion = 10.0.40219.1
Project("{9A19103F-16F7-4668-BE54-9A1E7A4F7556}") = "MudBlazorWASM", "MudBlazorWASM.csproj", "{47470BDB-7E28-4989-9DEC-5E97F3C34FFB}"
EndProject
Global
	GlobalSection(SolutionConfigurationPlatforms) = preSolution
		Debug|Any CPU = Debug|Any CPU
		Release|Any CPU = Release|Any CPU
	EndGlobalSection
	GlobalSection(ProjectConfigurationPlatforms) = postSolution
		{47470BDB-7E28-4989-9DEC-5E97F3C34FFB}.Debug|Any CPU.ActiveCfg = Debug|Any CPU
		{47470BDB-7E28-4989-9DEC-5E97F3C34FFB}.Debug|Any CPU.Build.0 = Debug|Any CPU
		{47470BDB-7E28-4989-9DEC-5E97F3C34FFB}.Release|Any CPU.ActiveCfg = Release|Any CPU
		{47470BDB-7E28-4989-9DEC-5E97F3C34FFB}.Release|Any CPU.Build.0 = Release|Any CPU
	EndGlobalSection
	GlobalSection(SolutionProperties) = preSolution
		HideSolutionNode = FALSE
	EndGlobalSection
	GlobalSection(ExtensibilityGlobals) = postSolution
		SolutionGuid = {ECE17735-4DC1-42E6-BDF1-85C6A060C175}
	EndGlobalSection
EndGlobal
